{
  "version": 4,
  "terraform_version": "1.11.1",
  "serial": 5,
  "lineage": "abccaf01-bacf-e2ae-77a1-b1a2aa21cb30",
  "outputs": {
    "service_url": {
      "value": "https://curabot-app-mha4s7stfa-el.a.run.app",
      "type": "string"
    }
  },
  "resources": [
    {
      "mode": "managed",
      "type": "google_cloud_run_service",
      "name": "default",
      "provider": "provider[\"registry.terraform.io/hashicorp/google\"]",
      "instances": [
        {
          "schema_version": 1,
          "attributes": {
            "autogenerate_revision_name": true,
            "id": "locations/asia-south1/namespaces/boot41/services/curabot-app",
            "location": "asia-south1",
            "metadata": [
              {
                "annotations": {
                  "run.googleapis.com/ingress": "all",
                  "run.googleapis.com/ingress-status": "all",
                  "run.googleapis.com/operation-id": "f40ce216-005d-4e66-92bd-17bbbc1fd447",
                  "run.googleapis.com/urls": "[\"https://curabot-app-956506160468.asia-south1.run.app\",\"https://curabot-app-mha4s7stfa-el.a.run.app\"]",
                  "serving.knative.dev/creator": "abhineeth.srinivasa@think41.com",
                  "serving.knative.dev/lastModifier": "abhineeth.srinivasa@think41.com"
                },
                "generation": 1,
                "labels": {
                  "cloud.googleapis.com/location": "asia-south1",
                  "run.googleapis.com/satisfiesPzs": "true"
                },
                "namespace": "boot41",
                "resource_version": "AAYwynPLoeg",
                "self_link": "/apis/serving.knative.dev/v1/namespaces/956506160468/services/curabot-app",
                "uid": "c7907799-9236-4d27-9953-eaf1dbf5a08a"
              }
            ],
            "name": "curabot-app",
            "project": "boot41",
            "status": [
              {
                "conditions": [
                  {
                    "message": "",
                    "reason": "",
                    "status": "True",
                    "type": "Ready"
                  },
                  {
                    "message": "",
                    "reason": "",
                    "status": "True",
                    "type": "ConfigurationsReady"
                  },
                  {
                    "message": "",
                    "reason": "",
                    "status": "True",
                    "type": "RoutesReady"
                  }
                ],
                "latest_created_revision_name": "curabot-app-00001-wxn",
                "latest_ready_revision_name": "curabot-app-00001-wxn",
                "observed_generation": 1,
                "traffic": [
                  {
                    "latest_revision": true,
                    "percent": 100,
                    "revision_name": "curabot-app-00001-wxn",
                    "tag": "",
                    "url": ""
                  }
                ],
                "url": "https://curabot-app-mha4s7stfa-el.a.run.app"
              }
            ],
            "template": [
              {
                "metadata": [
                  {
                    "annotations": {
                      "autoscaling.knative.dev/maxScale": "5",
                      "autoscaling.knative.dev/minScale": "1"
                    },
                    "generation": 0,
                    "labels": {
                      "run.googleapis.com/startupProbeType": "Default"
                    },
                    "name": "",
                    "namespace": "",
                    "resource_version": "",
                    "self_link": "",
                    "uid": ""
                  }
                ],
                "spec": [
                  {
                    "container_concurrency": 80,
                    "containers": [
                      {
                        "args": [],
                        "command": [],
                        "env": [
                          {
                            "name": "GROQ_API_KEY",
                            "value": "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",
                            "value_from": []
                          },
                          {
                            "name": "JWT_SECRET",
                            "value": "737116ec3e1b0a3bfe6c94df029ee59226631dde8d53a66246e5bcb90ed43108",
                            "value_from": []
                          },
                          {
                            "name": "MONGO_URI",
                            "value": "mongodb+srv://abhineethsrinivasa:ToCH5WzbtRcUeFvP@curabotcluster.yddrp.mongodb.net/CuraBot?retryWrites=true\u0026w=majority",
                            "value_from": []
                          },
                          {
                            "name": "NODE_ENV",
                            "value": "production",
                            "value_from": []
                          }
                        ],
                        "env_from": [],
                        "image": "asia-south1-docker.pkg.dev/boot41/a3/curabot-app:latest",
                        "liveness_probe": [],
                        "name": "",
                        "ports": [
                          {
                            "container_port": 5000,
                            "name": "http1",
                            "protocol": ""
                          }
                        ],
                        "resources": [
                          {
                            "limits": {
                              "cpu": "1",
                              "memory": "512Mi"
                            },
                            "requests": {}
                          }
                        ],
                        "startup_probe": [
                          {
                            "failure_threshold": 1,
                            "grpc": [],
                            "http_get": [],
                            "initial_delay_seconds": 0,
                            "period_seconds": 240,
                            "tcp_socket": [
                              {
                                "port": 5000
                              }
                            ],
                            "timeout_seconds": 240
                          }
                        ],
                        "volume_mounts": [],
                        "working_dir": ""
                      }
                    ],
                    "service_account_name": "956506160468-compute@developer.gserviceaccount.com",
                    "serving_state": "",
                    "timeout_seconds": 300,
                    "volumes": []
                  }
                ]
              }
            ],
            "timeouts": null,
            "traffic": [
              {
                "latest_revision": true,
                "percent": 100,
                "revision_name": "",
                "tag": "",
                "url": ""
              }
            ]
          },
          "sensitive_attributes": [],
          "private": "eyJlMmJmYjczMC1lY2FhLTExZTYtOGY4OC0zNDM2M2JjN2M0YzAiOnsiY3JlYXRlIjoxMjAwMDAwMDAwMDAwLCJkZWxldGUiOjEyMDAwMDAwMDAwMDAsInVwZGF0ZSI6MTIwMDAwMDAwMDAwMH0sInNjaGVtYV92ZXJzaW9uIjoiMSJ9"
        }
      ]
    },
    {
      "mode": "managed",
      "type": "google_cloud_run_service_iam_member",
      "name": "public",
      "provider": "provider[\"registry.terraform.io/hashicorp/google\"]",
      "instances": [
        {
          "schema_version": 0,
          "attributes": {
            "condition": [],
            "etag": "BwYwynQzc/Q=",
            "id": "v1/projects/boot41/locations/asia-south1/services/curabot-app/roles/run.invoker/allUsers",
            "location": "asia-south1",
            "member": "allUsers",
            "project": "boot41",
            "role": "roles/run.invoker",
            "service": "v1/projects/boot41/locations/asia-south1/services/curabot-app"
          },
          "sensitive_attributes": [],
          "private": "bnVsbA==",
          "dependencies": [
            "google_cloud_run_service.default"
          ]
        }
      ]
    }
  ],
  "check_results": null
}
